# This file is @generated by PDM.
# It is not intended for manual editing.

[[package]]
name = "autobean-refactor"
version = "0.2.4"
requires_python = ">=3.10"
summary = "An ergonomic and losess beancount manipulation library"
dependencies = [
    "lark>=1.1.5",
    "typing-extensions>=4.4.0",
]

[[package]]
name = "colorama"
version = "0.4.6"
requires_python = "!=3.0.*,!=3.1.*,!=3.2.*,!=3.3.*,!=3.4.*,!=3.5.*,!=3.6.*,>=2.7"
summary = "Cross-platform colored terminal text."

[[package]]
name = "coverage"
version = "7.2.2"
requires_python = ">=3.7"
summary = "Code coverage measurement for Python"

[[package]]
name = "coverage"
version = "7.2.2"
extras = ["toml"]
requires_python = ">=3.7"
summary = "Code coverage measurement for Python"
dependencies = [
    "coverage==7.2.2",
]

[[package]]
name = "iniconfig"
version = "2.0.0"
requires_python = ">=3.7"
summary = "brain-dead simple config-ini parsing"

[[package]]
name = "lark"
version = "1.1.5"
summary = "a modern parsing library"

[[package]]
name = "mypy"
version = "1.5.0"
requires_python = ">=3.8"
summary = "Optional static typing for Python"
dependencies = [
    "mypy-extensions>=1.0.0",
    "typing-extensions>=4.1.0",
]

[[package]]
name = "mypy-extensions"
version = "1.0.0"
requires_python = ">=3.5"
summary = "Type system extensions for programs checked with the mypy type checker."

[[package]]
name = "packaging"
version = "23.0"
requires_python = ">=3.7"
summary = "Core utilities for Python packages"

[[package]]
name = "pluggy"
version = "1.0.0"
requires_python = ">=3.6"
summary = "plugin and hook calling mechanisms for python"

[[package]]
name = "pytest"
version = "7.4.0"
requires_python = ">=3.7"
summary = "pytest: simple powerful testing with Python"
dependencies = [
    "colorama; sys_platform == \"win32\"",
    "iniconfig",
    "packaging",
    "pluggy<2.0,>=0.12",
]

[[package]]
name = "pytest-cov"
version = "4.1.0"
requires_python = ">=3.7"
summary = "Pytest plugin for measuring coverage."
dependencies = [
    "coverage[toml]>=5.2.1",
    "pytest>=4.6",
]

[[package]]
name = "typing-extensions"
version = "4.5.0"
requires_python = ">=3.7"
summary = "Backported and Experimental Type Hints for Python 3.7+"

[metadata]
lock_version = "4.2"
cross_platform = true
groups = ["default", "dev"]
content_hash = "sha256:03c2ba29de1b0df814ebb92eb663c59b3995de2f043116b3cbe15941c455f2b0"

[metadata.files]
"autobean-refactor 0.2.4" = [
    {url = "https://files.pythonhosted.org/packages/2f/86/11f1d426ea39f371e890f2024904e462cb16b5be9975be59571e0264a90f/autobean_refactor-0.2.4-py3-none-any.whl", hash = "sha256:dd622e82735b95682a696f1eab4a9b2f644683c19c2cf1a5b3a4b20ff56dc4a5"},
    {url = "https://files.pythonhosted.org/packages/ee/fe/37e9ce6bc723b39da3cf0056a309a7223a603ced8b9b0ca34b8cd737e5f1/autobean-refactor-0.2.4.tar.gz", hash = "sha256:00c46dd8cd645d15bfe8dd108c2c28506aad444019de381574c7ec11e38e487f"},
]
"colorama 0.4.6" = [
    {url = "https://files.pythonhosted.org/packages/d1/d6/3965ed04c63042e047cb6a3e6ed1a63a35087b6a609aa3a15ed8ac56c221/colorama-0.4.6-py2.py3-none-any.whl", hash = "sha256:4f1d9991f5acc0ca119f9d443620b77f9d6b33703e51011c16baf57afb285fc6"},
    {url = "https://files.pythonhosted.org/packages/d8/53/6f443c9a4a8358a93a6792e2acffb9d9d5cb0a5cfd8802644b7b1c9a02e4/colorama-0.4.6.tar.gz", hash = "sha256:08695f5cb7ed6e0531a20572697297273c47b8cae5a63ffc6d6ed5c201be6e44"},
]
"coverage 7.2.2" = [
    {url = "https://files.pythonhosted.org/packages/06/ab/1dd1a592ca3dff0c0d1da895c609f6b8b6b3092a2cc06f5494826b7689c8/coverage-7.2.2-cp39-cp39-macosx_11_0_arm64.whl", hash = "sha256:9d22e94e6dc86de981b1b684b342bec5e331401599ce652900ec59db52940005"},
    {url = "https://files.pythonhosted.org/packages/0d/49/ef6f4681a90ad12b734e8fd85913dc310eb58bfc33eb95534bdfef073476/coverage-7.2.2-cp38-cp38-manylinux_2_17_aarch64.manylinux2014_aarch64.whl", hash = "sha256:046936ab032a2810dcaafd39cc4ef6dd295df1a7cbead08fe996d4765fca9fe4"},
    {url = "https://files.pythonhosted.org/packages/0d/d3/7c6d91fc5dd15496954e9a941a765fce70913314181289e441db0e5c6568/coverage-7.2.2-cp37-cp37m-manylinux_2_17_aarch64.manylinux2014_aarch64.whl", hash = "sha256:0484d9dd1e6f481b24070c87561c8d7151bdd8b044c93ac99faafd01f695c78e"},
    {url = "https://files.pythonhosted.org/packages/11/da/b52e1f1492d6431ce0ebdd9da8744faf9f9fb75c3077165aca44c178f6e7/coverage-7.2.2-cp310-cp310-musllinux_1_1_i686.whl", hash = "sha256:186e0fc9cf497365036d51d4d2ab76113fb74f729bd25da0975daab2e107fd90"},
    {url = "https://files.pythonhosted.org/packages/13/31/8a4be0305f60f9a856965e076388cf3b93bac36a1324897854accecc4e94/coverage-7.2.2-cp38-cp38-macosx_11_0_arm64.whl", hash = "sha256:387fb46cb8e53ba7304d80aadca5dca84a2fbf6fe3faf6951d8cf2d46485d1e5"},
    {url = "https://files.pythonhosted.org/packages/15/35/5a6ac4b81c41fe067af22a5e9ac440609a122c1ece220b8c565dfb27f205/coverage-7.2.2-cp38-cp38-musllinux_1_1_i686.whl", hash = "sha256:7c20b731211261dc9739bbe080c579a1835b0c2d9b274e5fcd903c3a7821cf88"},
    {url = "https://files.pythonhosted.org/packages/18/a9/98d8eddba099f79548527af0aa546c31c3d8a2cc9e5d1c59a10a584ffc6d/coverage-7.2.2-cp38-cp38-musllinux_1_1_aarch64.whl", hash = "sha256:3668291b50b69a0c1ef9f462c7df2c235da3c4073f49543b01e7eb1dee7dd540"},
    {url = "https://files.pythonhosted.org/packages/1b/21/e757c7147ff8ef4be811d5fb3731ec0936ba6689444fc20dff953536a243/coverage-7.2.2-cp311-cp311-manylinux_2_5_i686.manylinux1_i686.manylinux_2_17_i686.manylinux2014_i686.whl", hash = "sha256:5e1df45c23d4230e3d56d04414f9057eba501f78db60d4eeecfcb940501b08fd"},
    {url = "https://files.pythonhosted.org/packages/1c/02/46d5dc331c9419d01e66c497f3974af895aaccf6a2a2695cfd6f83f1935f/coverage-7.2.2-cp39-cp39-win32.whl", hash = "sha256:db45eec1dfccdadb179b0f9ca616872c6f700d23945ecc8f21bb105d74b1c5fc"},
    {url = "https://files.pythonhosted.org/packages/29/3f/e2cef2978bfd787da8e02892448098ecb4a5909970c08b6220d0867460c3/coverage-7.2.2-cp310-cp310-win32.whl", hash = "sha256:38004671848b5745bb05d4d621526fca30cee164db42a1f185615f39dc997292"},
    {url = "https://files.pythonhosted.org/packages/30/0c/6e0a65466f8008b2001c0354782753a880617b15dba857eb7e97928313fc/coverage-7.2.2-cp39-cp39-manylinux_2_5_i686.manylinux1_i686.manylinux_2_17_i686.manylinux2014_i686.whl", hash = "sha256:bc4803779f0e4b06a2361f666e76f5c2e3715e8e379889d02251ec911befd149"},
    {url = "https://files.pythonhosted.org/packages/34/7d/380f87502e91d1da48eb5d0dead8cee4911eb19e2d4b60e3f1ee9c975c85/coverage-7.2.2-cp310-cp310-musllinux_1_1_x86_64.whl", hash = "sha256:420f94a35e3e00a2b43ad5740f935358e24478354ce41c99407cddd283be00d2"},
    {url = "https://files.pythonhosted.org/packages/38/0f/2e384888c47e111a7a4c025812d33f197aa39a59338cfd5e08874c940f6c/coverage-7.2.2-cp311-cp311-macosx_11_0_arm64.whl", hash = "sha256:d2b96123a453a2d7f3995ddb9f28d01fd112319a7a4d5ca99796a7ff43f02af5"},
    {url = "https://files.pythonhosted.org/packages/3c/12/51c5bdce0ad62a29bff429e99a9b2f23a0220cca89e768fc22694d4aeb4f/coverage-7.2.2-cp39-cp39-manylinux_2_17_aarch64.manylinux2014_aarch64.whl", hash = "sha256:507e4720791977934bba016101579b8c500fb21c5fa3cd4cf256477331ddd988"},
    {url = "https://files.pythonhosted.org/packages/42/1b/340c1d2d3bdfe33664a63307ae1143bf3e7929290715d8034e40aff6bcef/coverage-7.2.2-cp37-cp37m-musllinux_1_1_aarch64.whl", hash = "sha256:ba279aae162b20444881fc3ed4e4f934c1cf8620f3dab3b531480cf602c76b7f"},
    {url = "https://files.pythonhosted.org/packages/44/50/b752e846395b17d3789b070b82ac54e88cc2e4f4d906b9f864074caf04b9/coverage-7.2.2-cp38-cp38-manylinux_2_5_x86_64.manylinux1_x86_64.manylinux_2_17_x86_64.manylinux2014_x86_64.whl", hash = "sha256:4fa54fb483decc45f94011898727802309a109d89446a3c76387d016057d2c84"},
    {url = "https://files.pythonhosted.org/packages/47/21/632047c45edb08f0eb51f9e8e49591d23c15ff078b32e0a88ddf99f4e8c2/coverage-7.2.2-cp39-cp39-manylinux_2_5_x86_64.manylinux1_x86_64.manylinux_2_17_x86_64.manylinux2014_x86_64.whl", hash = "sha256:db8c2c5ace167fd25ab5dd732714c51d4633f58bac21fb0ff63b0349f62755a8"},
    {url = "https://files.pythonhosted.org/packages/4a/73/031f7380e2912f78801d28120091ba2dcf5bc0ad689e958d6b970ce67cb7/coverage-7.2.2-cp39-cp39-musllinux_1_1_x86_64.whl", hash = "sha256:797aad79e7b6182cb49c08cc5d2f7aa7b2128133b0926060d0a8889ac43843be"},
    {url = "https://files.pythonhosted.org/packages/4f/ec/acf6816f7fd5e628746db61725f7a3f5eb16b3b55c919c885072c60d17fa/coverage-7.2.2-cp311-cp311-musllinux_1_1_x86_64.whl", hash = "sha256:4c752d5264053a7cf2fe81c9e14f8a4fb261370a7bb344c2a011836a96fb3f57"},
    {url = "https://files.pythonhosted.org/packages/50/32/82dea3a1e928f8f7d2cdf6f0c6498fd42c5e9d661de0191f8c47d3966306/coverage-7.2.2-cp310-cp310-musllinux_1_1_aarch64.whl", hash = "sha256:81f63e0fb74effd5be736cfe07d710307cc0a3ccb8f4741f7f053c057615a137"},
    {url = "https://files.pythonhosted.org/packages/54/8a/db9d9cd24f96bb872eea151bb0d5c8cb6a96825b70a0cfaf07bceab2884d/coverage-7.2.2.tar.gz", hash = "sha256:36dd42da34fe94ed98c39887b86db9d06777b1c8f860520e21126a75507024f2"},
    {url = "https://files.pythonhosted.org/packages/56/65/fedba1cb8d954823eded8e7b943749531f81060f8e4214fe9ee8dd1da5bc/coverage-7.2.2-cp38-cp38-win_amd64.whl", hash = "sha256:c448b5c9e3df5448a362208b8d4b9ed85305528313fca1b479f14f9fe0d873b8"},
    {url = "https://files.pythonhosted.org/packages/59/4b/8a1077b2cf0c21e2f39105f3c94fac4e1bb18ff341d386ba60374487ae49/coverage-7.2.2-cp37-cp37m-musllinux_1_1_i686.whl", hash = "sha256:53d0fd4c17175aded9c633e319360d41a1f3c6e352ba94edcb0fa5167e2bad67"},
    {url = "https://files.pythonhosted.org/packages/5e/92/cffba484a7a34ca08097f7991b72cbd85da4adc717c69c067bab2e1f612c/coverage-7.2.2-pp37.pp38.pp39-none-any.whl", hash = "sha256:872d6ce1f5be73f05bea4df498c140b9e7ee5418bfa2cc8204e7f9b817caa968"},
    {url = "https://files.pythonhosted.org/packages/5e/f1/cf01ea71b3c525f5cb4aa9956b5bf2d4e0ac59cdc1e2aead8e73374ab420/coverage-7.2.2-cp310-cp310-manylinux_2_5_i686.manylinux1_i686.manylinux_2_17_i686.manylinux2014_i686.whl", hash = "sha256:efe1c0adad110bf0ad7fb59f833880e489a61e39d699d37249bdf42f80590169"},
    {url = "https://files.pythonhosted.org/packages/6f/e4/9576c24b37c941e70a4815cbbd44ff2779c83b821ab3a38022b6f530d61c/coverage-7.2.2-cp39-cp39-macosx_10_9_x86_64.whl", hash = "sha256:bfe7085783cda55e53510482fa7b5efc761fad1abe4d653b32710eb548ebdd2d"},
    {url = "https://files.pythonhosted.org/packages/70/74/7ceb96c38dac56e5894c3b0af6c4adfd0dd7f96521e8b829544d1dcec8fe/coverage-7.2.2-cp39-cp39-musllinux_1_1_aarch64.whl", hash = "sha256:4f68ee32d7c4164f1e2c8797535a6d0a3733355f5861e0f667e37df2d4b07140"},
    {url = "https://files.pythonhosted.org/packages/74/bf/ae3344872e1a33e58481afaa1587e39a4e626fdaa69bd11c1454fd34e0d3/coverage-7.2.2-cp37-cp37m-win32.whl", hash = "sha256:5cc0783844c84af2522e3a99b9b761a979a3ef10fb87fc4048d1ee174e18a7d8"},
    {url = "https://files.pythonhosted.org/packages/75/93/1821ffa10c91b0c4220f1b525f82b408ca49a605481d76687078cd251504/coverage-7.2.2-cp37-cp37m-manylinux_2_5_i686.manylinux1_i686.manylinux_2_17_i686.manylinux2014_i686.whl", hash = "sha256:d530191aa9c66ab4f190be8ac8cc7cfd8f4f3217da379606f3dd4e3d83feba69"},
    {url = "https://files.pythonhosted.org/packages/76/6b/30aa019a24ba3ba3487b6d61e468c898dcba77a153012f2032d72695ec13/coverage-7.2.2-cp38-cp38-manylinux_2_5_i686.manylinux1_i686.manylinux_2_17_i686.manylinux2014_i686.whl", hash = "sha256:e627dee428a176ffb13697a2c4318d3f60b2ccdde3acdc9b3f304206ec130ccd"},
    {url = "https://files.pythonhosted.org/packages/83/db/85c50845c1ca6c83082decfed61a8d928903ef6d72f8a2c20a615118fc8a/coverage-7.2.2-cp37-cp37m-macosx_10_9_x86_64.whl", hash = "sha256:5afdad4cc4cc199fdf3e18088812edcf8f4c5a3c8e6cb69127513ad4cb7471a9"},
    {url = "https://files.pythonhosted.org/packages/85/e3/377befb686b7ebe288ef084c2822db81722681fab3774e389d026ea2d7ca/coverage-7.2.2-cp37-cp37m-manylinux_2_5_x86_64.manylinux1_x86_64.manylinux_2_17_x86_64.manylinux2014_x86_64.whl", hash = "sha256:4ac0f522c3b6109c4b764ffec71bf04ebc0523e926ca7cbe6c5ac88f84faced0"},
    {url = "https://files.pythonhosted.org/packages/8c/c8/efee5b6e98f1009ca92333884d17eb205acb7aad800dc9b2d91475aef2a4/coverage-7.2.2-cp311-cp311-win32.whl", hash = "sha256:55272f33da9a5d7cccd3774aeca7a01e500a614eaea2a77091e9be000ecd401d"},
    {url = "https://files.pythonhosted.org/packages/8d/a6/6b3aae5b60e1e2ad8feb807cc33c5d313511980c3ee5de4662384165cec9/coverage-7.2.2-cp310-cp310-macosx_11_0_arm64.whl", hash = "sha256:e2926b8abedf750c2ecf5035c07515770944acf02e1c46ab08f6348d24c5f94d"},
    {url = "https://files.pythonhosted.org/packages/8e/7f/b5709cc511c226c01ee8da008b9737726d8c62bd88cb20ef93eb5c9d80c8/coverage-7.2.2-cp311-cp311-musllinux_1_1_i686.whl", hash = "sha256:8efb48fa743d1c1a65ee8787b5b552681610f06c40a40b7ef94a5b517d885c54"},
    {url = "https://files.pythonhosted.org/packages/91/57/629e70906739102dbd742bcd7484f5446dfaacbd6dc3f46f42a88a0677c5/coverage-7.2.2-cp38-cp38-musllinux_1_1_x86_64.whl", hash = "sha256:5764e1f7471cb8f64b8cda0554f3d4c4085ae4b417bfeab236799863703e5de2"},
    {url = "https://files.pythonhosted.org/packages/95/06/b0541156f46970339776c42dafe5d227710127025cb96e4bd3176422016f/coverage-7.2.2-cp310-cp310-manylinux_2_5_x86_64.manylinux1_x86_64.manylinux_2_17_x86_64.manylinux2014_x86_64.whl", hash = "sha256:2199988e0bc8325d941b209f4fd1c6fa007024b1442c5576f1a32ca2e48941e6"},
    {url = "https://files.pythonhosted.org/packages/9f/f0/ca6217975c4d756cbf136abfab805b470424279b322f8c9f191c21898ee9/coverage-7.2.2-cp38-cp38-win32.whl", hash = "sha256:4f01911c010122f49a3e9bdc730eccc66f9b72bd410a3a9d3cb8448bb50d65d3"},
    {url = "https://files.pythonhosted.org/packages/a6/8c/8a5f4fb03c4e23c69192ac8452f3448d2a408d204e39605614d7956dafa0/coverage-7.2.2-cp37-cp37m-win_amd64.whl", hash = "sha256:817295f06eacdc8623dc4df7d8b49cea65925030d4e1e2a7c7218380c0072c25"},
    {url = "https://files.pythonhosted.org/packages/af/dc/3fe8388df88c8dfa3d5771b1f746ef5bc92f0c718a10fcef3600199d00f7/coverage-7.2.2-cp310-cp310-macosx_10_9_x86_64.whl", hash = "sha256:c90e73bdecb7b0d1cea65a08cb41e9d672ac6d7995603d6465ed4914b98b9ad7"},
    {url = "https://files.pythonhosted.org/packages/c1/dc/ef3f63275d1046b910a474eedf8eb9fa3265c30b5fab1c1391ed6351e9d9/coverage-7.2.2-cp311-cp311-macosx_10_9_x86_64.whl", hash = "sha256:3eb55b7b26389dd4f8ae911ba9bc8c027411163839dea4c8b8be54c4ee9ae10b"},
    {url = "https://files.pythonhosted.org/packages/c7/de/80032c5d6340a3a3b29920ade4e09e3f240cee8410b88173babb9e7012be/coverage-7.2.2-cp311-cp311-musllinux_1_1_aarch64.whl", hash = "sha256:d683d230b5774816e7d784d7ed8444f2a40e7a450e5720d58af593cb0b94a212"},
    {url = "https://files.pythonhosted.org/packages/ca/45/687fb10526b66642a479b8703cd5ea53030fc582e76e7236e7a6318fd660/coverage-7.2.2-cp37-cp37m-musllinux_1_1_x86_64.whl", hash = "sha256:8c99cb7c26a3039a8a4ee3ca1efdde471e61b4837108847fb7d5be7789ed8fd9"},
    {url = "https://files.pythonhosted.org/packages/cb/03/76ca85381dd6aea8b190ae0fa9e7e7c3964f72f65fc32ef0454e68df4611/coverage-7.2.2-cp38-cp38-macosx_10_9_x86_64.whl", hash = "sha256:6146910231ece63facfc5984234ad1b06a36cecc9fd0c028e59ac7c9b18c38c6"},
    {url = "https://files.pythonhosted.org/packages/d0/94/fa6095cce802c11a53685c5267330caed7ef02e2fb99b9f9f1c892859259/coverage-7.2.2-cp311-cp311-manylinux_2_5_x86_64.manylinux1_x86_64.manylinux_2_17_x86_64.manylinux2014_x86_64.whl", hash = "sha256:006ed5582e9cbc8115d2e22d6d2144a0725db542f654d9d4fda86793832f873d"},
    {url = "https://files.pythonhosted.org/packages/d4/cd/ef9d489e9c943636193de07e5089d84252c611572865e50e475495528070/coverage-7.2.2-cp39-cp39-win_amd64.whl", hash = "sha256:8dbe2647bf58d2c5a6c5bcc685f23b5f371909a5624e9f5cd51436d6a9f6c6ef"},
    {url = "https://files.pythonhosted.org/packages/d8/3f/9df4f173d6f43ff80a11720cc3a9f4fa12d14ab36a2fb1a1d83ce026dd37/coverage-7.2.2-cp310-cp310-win_amd64.whl", hash = "sha256:0ce383d5f56d0729d2dd40e53fe3afeb8f2237244b0975e1427bfb2cf0d32bab"},
    {url = "https://files.pythonhosted.org/packages/d8/de/effbd360724a67b8e8f7f297c4cffdd5510161aeb4de08b08e1fc6fbbd49/coverage-7.2.2-cp310-cp310-manylinux_2_17_aarch64.manylinux2014_aarch64.whl", hash = "sha256:57b77b9099f172804e695a40ebaa374f79e4fb8b92f3e167f66facbf92e8e7f5"},
    {url = "https://files.pythonhosted.org/packages/d9/55/f45a1d08ad1299c5199f3cf1baaa02fcffe347fdec8ddacc484858700ef6/coverage-7.2.2-cp39-cp39-musllinux_1_1_i686.whl", hash = "sha256:d52f0a114b6a58305b11a5cdecd42b2e7f1ec77eb20e2b33969d702feafdd016"},
    {url = "https://files.pythonhosted.org/packages/e5/d4/d8ee18c995b806b3d0d38dc17ab5888de148244da5be8d3dfbd7cea6cd7e/coverage-7.2.2-cp311-cp311-manylinux_2_17_aarch64.manylinux2014_aarch64.whl", hash = "sha256:299bc75cb2a41e6741b5e470b8c9fb78d931edbd0cd009c58e5c84de57c06731"},
    {url = "https://files.pythonhosted.org/packages/f5/6f/7811ed60d4088b6a54bb48d57b48f647e55c876ee9088e3fa123eb879673/coverage-7.2.2-cp311-cp311-win_amd64.whl", hash = "sha256:92ebc1619650409da324d001b3a36f14f63644c7f0a588e331f3b0f67491f512"},
]
"iniconfig 2.0.0" = [
    {url = "https://files.pythonhosted.org/packages/d7/4b/cbd8e699e64a6f16ca3a8220661b5f83792b3017d0f79807cb8708d33913/iniconfig-2.0.0.tar.gz", hash = "sha256:2d91e135bf72d31a410b17c16da610a82cb55f6b0477d1a902134b24a455b8b3"},
    {url = "https://files.pythonhosted.org/packages/ef/a6/62565a6e1cf69e10f5727360368e451d4b7f58beeac6173dc9db836a5b46/iniconfig-2.0.0-py3-none-any.whl", hash = "sha256:b6a85871a79d2e3b22d2d1b94ac2824226a63c6b741c88f7ae975f18b6778374"},
]
"lark 1.1.5" = [
    {url = "https://files.pythonhosted.org/packages/a2/25/8e16de418fc83bb00dabaf8c7110bc45a90bf5481a70aa5f1668fcea73bc/lark-1.1.5.tar.gz", hash = "sha256:4b534eae1f9af5b4ea000bea95776350befe1981658eea3820a01c37e504bb4d"},
    {url = "https://files.pythonhosted.org/packages/ac/c7/25e678cb94ac2b7be741272d5b2ae099e32e23f36d820e6feb8931b12382/lark-1.1.5-py3-none-any.whl", hash = "sha256:8476f9903e93fbde4f6c327f74d79e9b4bd0ed9294c5dfa3164ab8c581b5de2a"},
]
"mypy 1.5.0" = [
    {url = "https://files.pythonhosted.org/packages/16/77/f1c757c1d28444ac004d0d4abe44a9ac38e2271ff3dcad47e3f07133e384/mypy-1.5.0-cp311-cp311-musllinux_1_1_x86_64.whl", hash = "sha256:725b57a19b7408ef66a0fd9db59b5d3e528922250fb56e50bded27fea9ff28f0"},
    {url = "https://files.pythonhosted.org/packages/17/45/fabfc343deefd4e686c8d4f58c89446d4dd86d6bb489c94f85497442af45/mypy-1.5.0-cp311-cp311-manylinux_2_17_x86_64.manylinux2014_x86_64.whl", hash = "sha256:9166186c498170e1ff478a7f540846b2169243feb95bc228d39a67a1a450cdc6"},
    {url = "https://files.pythonhosted.org/packages/26/4f/8ee6cdce5e22fb09fc9888a0981006cc4d575d2ef9058bac985f1161ad92/mypy-1.5.0-cp310-cp310-musllinux_1_1_x86_64.whl", hash = "sha256:42170e68adb1603ccdc55a30068f72bcfcde2ce650188e4c1b2a93018b826735"},
    {url = "https://files.pythonhosted.org/packages/26/97/2dce617c5d212e45743e53939e9e483d332e6e120a65f297284269bc1799/mypy-1.5.0-cp310-cp310-macosx_10_9_x86_64.whl", hash = "sha256:ad3109bec37cc33654de8db30fe8ff3a1bb57ea65144167d68185e6dced9868d"},
    {url = "https://files.pythonhosted.org/packages/28/0a/96e00d4d5448f3e04d54da07685b5e02c84667fccd98ffc8a8f8dfcb1e33/mypy-1.5.0-cp310-cp310-macosx_11_0_arm64.whl", hash = "sha256:b4ea3a0241cb005b0ccdbd318fb99619b21ae51bcf1660b95fc22e0e7d3ba4a1"},
    {url = "https://files.pythonhosted.org/packages/2b/21/9b50dc2b2191fa0fbb7c92c347a0a6abdb42257c54f0594933e63ff367e4/mypy-1.5.0-cp38-cp38-win_amd64.whl", hash = "sha256:84cf9f7d8a8a22bb6a36444480f4cbf089c917a4179fbf7eea003ea931944a7f"},
    {url = "https://files.pythonhosted.org/packages/42/80/b9b0f63641c7bd4016b642d5d21cdb22626424db5be3f1846ecf512d81fe/mypy-1.5.0-cp38-cp38-macosx_10_9_x86_64.whl", hash = "sha256:79c520aa24f21852206b5ff2cf746dc13020113aa73fa55af504635a96e62718"},
    {url = "https://files.pythonhosted.org/packages/48/e1/406a69b5b48ca2b4490e59262ee8c3c4cf795d7ed81a3a3fc8d66c5cf221/mypy-1.5.0-cp311-cp311-macosx_10_9_x86_64.whl", hash = "sha256:c36011320e452eb30bec38b9fd3ba20569dc9545d7d4540d967f3ea1fab9c374"},
    {url = "https://files.pythonhosted.org/packages/5a/15/0dfc3eb984e73534dd99098e23990fcf259384ca2afda5b6d5dd1a2c86ae/mypy-1.5.0-cp39-cp39-macosx_11_0_arm64.whl", hash = "sha256:372fd97293ed0076d52695849f59acbbb8461c4ab447858cdaeaf734a396d823"},
    {url = "https://files.pythonhosted.org/packages/5a/91/d0682d844696ff4ade84096769bc5f16b054ee49d15b060d9164727ef131/mypy-1.5.0-cp311-cp311-win_amd64.whl", hash = "sha256:eec5c927aa4b3e8b4781840f1550079969926d0a22ce38075f6cfcf4b13e3eb4"},
    {url = "https://files.pythonhosted.org/packages/60/a1/7638a4f7f5041bf0d267b230de63aac1fb49b4f2bd707953698b98dca086/mypy-1.5.0-cp38-cp38-musllinux_1_1_x86_64.whl", hash = "sha256:a2500ad063413bc873ae102cf655bf49889e0763b260a3a7cf544a0cbbf7e70a"},
    {url = "https://files.pythonhosted.org/packages/72/60/7a3977f748cec809455bbabc44aa2ae093d5d0dc9968e7651bcd325b1098/mypy-1.5.0-cp39-cp39-macosx_10_9_x86_64.whl", hash = "sha256:a551ed0fc02455fe2c1fb0145160df8336b90ab80224739627b15ebe2b45e9dc"},
    {url = "https://files.pythonhosted.org/packages/74/6a/7249bcd56b6bf601fcc4b24bf573dd80167b6ffdd9929baaab6a64a7be34/mypy-1.5.0-cp39-cp39-musllinux_1_1_x86_64.whl", hash = "sha256:35b13335c6c46a386577a51f3d38b2b5d14aa619e9633bb756bd77205e4bd09f"},
    {url = "https://files.pythonhosted.org/packages/77/29/23ffc7575d832f63b785c10f04fb35289ea9c34cf5dbabebfc53a2b24612/mypy-1.5.0-cp38-cp38-manylinux_2_17_x86_64.manylinux2014_x86_64.whl", hash = "sha256:cbf18f8db7e5f060d61c91e334d3b96d6bb624ddc9ee8a1cde407b737acbca2c"},
    {url = "https://files.pythonhosted.org/packages/79/2b/724dca082d7200f4fdc183d2582fbfef3db7385a8d193240e43635be32d0/mypy-1.5.0-cp310-cp310-manylinux_2_17_x86_64.manylinux2014_x86_64.whl", hash = "sha256:1fe816e26e676c1311b9e04fd576543b873576d39439f7c24c8e5c7728391ecf"},
    {url = "https://files.pythonhosted.org/packages/a0/02/865c2fb735f08eb8068d54dc88d7544477f9ea792f6145eeedbe0e847df9/mypy-1.5.0.tar.gz", hash = "sha256:f3460f34b3839b9bc84ee3ed65076eb827cd99ed13ed08d723f9083cada4a212"},
    {url = "https://files.pythonhosted.org/packages/a6/ed/6af34e69a62895a6167619609b4dd8be5ff4e942ca7c2e7211a427dea774/mypy-1.5.0-cp311-cp311-macosx_11_0_arm64.whl", hash = "sha256:f3940cf5845b2512b3ab95463198b0cdf87975dfd17fdcc6ce9709a9abe09e69"},
    {url = "https://files.pythonhosted.org/packages/ac/48/87173793414e0ca6fc7234a64bb581da35ba4f6e1acd971b14304c0d39db/mypy-1.5.0-cp39-cp39-win_amd64.whl", hash = "sha256:2c9d570f53908cbea326ad8f96028a673b814d9dca7515bf71d95fa662c3eb6f"},
    {url = "https://files.pythonhosted.org/packages/b8/7e/a7de7357f2351e3e974585f5312776bb340290e94915a8e07e6c41dead21/mypy-1.5.0-cp39-cp39-manylinux_2_17_x86_64.manylinux2014_x86_64.whl", hash = "sha256:c8a7444d6fcac7e2585b10abb91ad900a576da7af8f5cffffbff6065d9115813"},
    {url = "https://files.pythonhosted.org/packages/d9/ff/b724e59d57d4442617a284a0f0e134767969108117df040c0b54ba80ef89/mypy-1.5.0-py3-none-any.whl", hash = "sha256:69b32d0dedd211b80f1b7435644e1ef83033a2af2ac65adcdc87c38db68a86be"},
    {url = "https://files.pythonhosted.org/packages/ed/18/9316f333a5fd0ebc5efa038f915d8d03b07b48e785b3fb9d7f1c3e6ab708/mypy-1.5.0-cp310-cp310-win_amd64.whl", hash = "sha256:d145b81a8214687cfc1f85c03663a5bbe736777410e5580e54d526e7e904f564"},
    {url = "https://files.pythonhosted.org/packages/f4/8f/1a2f024bf46ba47d4a77f8d19a9136e3f242fec6235fe4b16131989075d2/mypy-1.5.0-cp38-cp38-macosx_11_0_arm64.whl", hash = "sha256:769ddb6bfe55c2bd9c7d6d7020885a5ea14289619db7ee650e06b1ef0852c6f4"},
]
"mypy-extensions 1.0.0" = [
    {url = "https://files.pythonhosted.org/packages/2a/e2/5d3f6ada4297caebe1a2add3b126fe800c96f56dbe5d1988a2cbe0b267aa/mypy_extensions-1.0.0-py3-none-any.whl", hash = "sha256:4392f6c0eb8a5668a69e23d168ffa70f0be9ccfd32b5cc2d26a34ae5b844552d"},
    {url = "https://files.pythonhosted.org/packages/98/a4/1ab47638b92648243faf97a5aeb6ea83059cc3624972ab6b8d2316078d3f/mypy_extensions-1.0.0.tar.gz", hash = "sha256:75dbf8955dc00442a438fc4d0666508a9a97b6bd41aa2f0ffe9d2f2725af0782"},
]
"packaging 23.0" = [
    {url = "https://files.pythonhosted.org/packages/47/d5/aca8ff6f49aa5565df1c826e7bf5e85a6df852ee063600c1efa5b932968c/packaging-23.0.tar.gz", hash = "sha256:b6ad297f8907de0fa2fe1ccbd26fdaf387f5f47c7275fedf8cce89f99446cf97"},
    {url = "https://files.pythonhosted.org/packages/ed/35/a31aed2993e398f6b09a790a181a7927eb14610ee8bbf02dc14d31677f1c/packaging-23.0-py3-none-any.whl", hash = "sha256:714ac14496c3e68c99c29b00845f7a2b85f3bb6f1078fd9f72fd20f0570002b2"},
]
"pluggy 1.0.0" = [
    {url = "https://files.pythonhosted.org/packages/9e/01/f38e2ff29715251cf25532b9082a1589ab7e4f571ced434f98d0139336dc/pluggy-1.0.0-py2.py3-none-any.whl", hash = "sha256:74134bbf457f031a36d68416e1509f34bd5ccc019f0bcc952c7b909d06b37bd3"},
    {url = "https://files.pythonhosted.org/packages/a1/16/db2d7de3474b6e37cbb9c008965ee63835bba517e22cdb8c35b5116b5ce1/pluggy-1.0.0.tar.gz", hash = "sha256:4224373bacce55f955a878bf9cfa763c1e360858e330072059e10bad68531159"},
]
"pytest 7.4.0" = [
    {url = "https://files.pythonhosted.org/packages/33/b2/741130cbcf2bbfa852ed95a60dc311c9e232c7ed25bac3d9b8880a8df4ae/pytest-7.4.0-py3-none-any.whl", hash = "sha256:78bf16451a2eb8c7a2ea98e32dc119fd2aa758f1d5d66dbf0a59d69a3969df32"},
    {url = "https://files.pythonhosted.org/packages/a7/f3/dadfbdbf6b6c8b5bd02adb1e08bc9fbb45ba51c68b0893fa536378cdf485/pytest-7.4.0.tar.gz", hash = "sha256:b4bf8c45bd59934ed84001ad51e11b4ee40d40a1229d2c79f9c592b0a3f6bd8a"},
]
"pytest-cov 4.1.0" = [
    {url = "https://files.pythonhosted.org/packages/7a/15/da3df99fd551507694a9b01f512a2f6cf1254f33601605843c3775f39460/pytest-cov-4.1.0.tar.gz", hash = "sha256:3904b13dfbfec47f003b8e77fd5b589cd11904a21ddf1ab38a64f204d6a10ef6"},
    {url = "https://files.pythonhosted.org/packages/a7/4b/8b78d126e275efa2379b1c2e09dc52cf70df16fc3b90613ef82531499d73/pytest_cov-4.1.0-py3-none-any.whl", hash = "sha256:6ba70b9e97e69fcc3fb45bfeab2d0a138fb65c4d0d6a41ef33983ad114be8c3a"},
]
"typing-extensions 4.5.0" = [
    {url = "https://files.pythonhosted.org/packages/31/25/5abcd82372d3d4a3932e1fa8c3dbf9efac10cc7c0d16e78467460571b404/typing_extensions-4.5.0-py3-none-any.whl", hash = "sha256:fb33085c39dd998ac16d1431ebc293a8b3eedd00fd4a32de0ff79002c19511b4"},
    {url = "https://files.pythonhosted.org/packages/d3/20/06270dac7316220643c32ae61694e451c98f8caf4c8eab3aa80a2bedf0df/typing_extensions-4.5.0.tar.gz", hash = "sha256:5cb5f4a79139d699607b3ef622a1dedafa84e115ab0024e0d9c044a9479ca7cb"},
]
